
Microsoft Visual Studio Solution File, Format Version 12.00
# Visual Studio Version 17
VisualStudioVersion = 17.0.32014.148
MinimumVisualStudioVersion = 10.0.40219.1
Project("{9A19103F-16F7-4668-BE54-9A1E7A4F7556}") = "comparar-idade", "comparar-idade.csproj", "{1945CBE6-6D2C-45C1-BDE1-1875F67D693D}"
EndProject
Global
	GlobalSection(SolutionConfigurationPlatforms) = preSolution
		Debug|Any CPU = Debug|Any CPU
		Release|Any CPU = Release|Any CPU
	EndGlobalSection
	GlobalSection(ProjectConfigurationPlatforms) = postSolution
		{1945CBE6-6D2C-45C1-BDE1-1875F67D693D}.Debug|Any CPU.ActiveCfg = Debug|Any CPU
		{1945CBE6-6D2C-45C1-BDE1-1875F67D693D}.Debug|Any CPU.Build.0 = Debug|Any CPU
		{1945CBE6-6D2C-45C1-BDE1-1875F67D693D}.Release|Any CPU.ActiveCfg = Release|Any CPU
		{1945CBE6-6D2C-45C1-BDE1-1875F67D693D}.Release|Any CPU.Build.0 = Release|Any CPU
	EndGlobalSection
	GlobalSection(SolutionProperties) = preSolution
		HideSolutionNode = FALSE
	EndGlobalSection
	GlobalSection(ExtensibilityGlobals) = postSolution
		SolutionGuid = {8FFDCB68-D183-4E8E-811B-F742D1D73EA0}
	EndGlobalSection
EndGlobal
